
Microsoft Visual Studio Solution File, Format Version 12.00
# Visual Studio Version 16
VisualStudioVersion = 16.0.30011.22
MinimumVisualStudioVersion = 10.0.40219.1
Project("{FAE04EC0-301F-11D3-BF4B-00C04F79EFBC}") = "ShimmysAdminTools", "ShimmysAdminTools\ShimmysAdminTools.csproj", "{61A58A25-927A-49C7-A4D6-87B573597F45}"
EndProject
Global
	GlobalSection(SolutionConfigurationPlatforms) = preSolution
		Debug|Any CPU = Debug|Any CPU
		Release|Any CPU = Release|Any CPU
	EndGlobalSection
	GlobalSection(ProjectConfigurationPlatforms) = postSolution
		{61A58A25-927A-49C7-A4D6-87B573597F45}.Debug|Any CPU.ActiveCfg = Debug|Any CPU
		{61A58A25-927A-49C7-A4D6-87B573597F45}.Debug|Any CPU.Build.0 = Debug|Any CPU
		{61A58A25-927A-49C7-A4D6-87B573597F45}.Release|Any CPU.ActiveCfg = Release|Any CPU
		{61A58A25-927A-49C7-A4D6-87B573597F45}.Release|Any CPU.Build.0 = Release|Any CPU
	EndGlobalSection
	GlobalSection(SolutionProperties) = preSolution
		HideSolutionNode = FALSE
	EndGlobalSection
	GlobalSection(ExtensibilityGlobals) = postSolution
		SolutionGuid = {372D3151-791D-45EF-9581-C4B6C1911AB0}
	EndGlobalSection
EndGlobal
